<?xml version="1.0" encoding="utf-8"?>
<Project ToolsVersion="17.0" xmlns="http://schemas.microsoft.com/developer/msbuild/2003">
  <ItemGroup>
    <ClCompile Include="C:\Users\InfiniteC0re\source\repos\ToshiLevelEditor\assimp\contrib\zlib\adler32.c">
      <Filter>Source Files</Filter>
    </ClCompile>
    <ClCompile Include="C:\Users\InfiniteC0re\source\repos\ToshiLevelEditor\assimp\contrib\zlib\compress.c">
      <Filter>Source Files</Filter>
    </ClCompile>
    <ClCompile Include="C:\Users\InfiniteC0re\source\repos\ToshiLevelEditor\assimp\contrib\zlib\crc32.c">
      <Filter>Source Files</Filter>
    </ClCompile>
    <ClCompile Include="C:\Users\InfiniteC0re\source\repos\ToshiLevelEditor\assimp\contrib\zlib\deflate.c">
      <Filter>Source Files</Filter>
    </ClCompile>
    <ClCompile Include="C:\Users\InfiniteC0re\source\repos\ToshiLevelEditor\assimp\contrib\zlib\gzclose.c">
      <Filter>Source Files</Filter>
    </ClCompile>
    <ClCompile Include="C:\Users\InfiniteC0re\source\repos\ToshiLevelEditor\assimp\contrib\zlib\gzlib.c">
      <Filter>Source Files</Filter>
    </ClCompile>
    <ClCompile Include="C:\Users\InfiniteC0re\source\repos\ToshiLevelEditor\assimp\contrib\zlib\gzread.c">
      <Filter>Source Files</Filter>
    </ClCompile>
    <ClCompile Include="C:\Users\InfiniteC0re\source\repos\ToshiLevelEditor\assimp\contrib\zlib\gzwrite.c">
      <Filter>Source Files</Filter>
    </ClCompile>
    <ClCompile Include="C:\Users\InfiniteC0re\source\repos\ToshiLevelEditor\assimp\contrib\zlib\inflate.c">
      <Filter>Source Files</Filter>
    </ClCompile>
    <ClCompile Include="C:\Users\InfiniteC0re\source\repos\ToshiLevelEditor\assimp\contrib\zlib\infback.c">
      <Filter>Source Files</Filter>
    </ClCompile>
    <ClCompile Include="C:\Users\InfiniteC0re\source\repos\ToshiLevelEditor\assimp\contrib\zlib\inftrees.c">
      <Filter>Source Files</Filter>
    </ClCompile>
    <ClCompile Include="C:\Users\InfiniteC0re\source\repos\ToshiLevelEditor\assimp\contrib\zlib\inffast.c">
      <Filter>Source Files</Filter>
    </ClCompile>
    <ClCompile Include="C:\Users\InfiniteC0re\source\repos\ToshiLevelEditor\assimp\contrib\zlib\trees.c">
      <Filter>Source Files</Filter>
    </ClCompile>
    <ClCompile Include="C:\Users\InfiniteC0re\source\repos\ToshiLevelEditor\assimp\contrib\zlib\uncompr.c">
      <Filter>Source Files</Filter>
    </ClCompile>
    <ClCompile Include="C:\Users\InfiniteC0re\source\repos\ToshiLevelEditor\assimp\contrib\zlib\zutil.c">
      <Filter>Source Files</Filter>
    </ClCompile>
  </ItemGroup>
  <ItemGroup>
    <ClInclude Include="C:\Users\InfiniteC0re\source\repos\ToshiLevelEditor\assimp\contrib\zlib\zconf.h">
      <Filter>Header Files</Filter>
    </ClInclude>
    <ClInclude Include="C:\Users\InfiniteC0re\source\repos\ToshiLevelEditor\assimp\contrib\zlib\zlib.h">
      <Filter>Header Files</Filter>
    </ClInclude>
    <ClInclude Include="C:\Users\InfiniteC0re\source\repos\ToshiLevelEditor\assimp\contrib\zlib\crc32.h">
      <Filter>Header Files</Filter>
    </ClInclude>
    <ClInclude Include="C:\Users\InfiniteC0re\source\repos\ToshiLevelEditor\assimp\contrib\zlib\deflate.h">
      <Filter>Header Files</Filter>
    </ClInclude>
    <ClInclude Include="C:\Users\InfiniteC0re\source\repos\ToshiLevelEditor\assimp\contrib\zlib\gzguts.h">
      <Filter>Header Files</Filter>
    </ClInclude>
    <ClInclude Include="C:\Users\InfiniteC0re\source\repos\ToshiLevelEditor\assimp\contrib\zlib\inffast.h">
      <Filter>Header Files</Filter>
    </ClInclude>
    <ClInclude Include="C:\Users\InfiniteC0re\source\repos\ToshiLevelEditor\assimp\contrib\zlib\inffixed.h">
      <Filter>Header Files</Filter>
    </ClInclude>
    <ClInclude Include="C:\Users\InfiniteC0re\source\repos\ToshiLevelEditor\assimp\contrib\zlib\inflate.h">
      <Filter>Header Files</Filter>
    </ClInclude>
    <ClInclude Include="C:\Users\InfiniteC0re\source\repos\ToshiLevelEditor\assimp\contrib\zlib\inftrees.h">
      <Filter>Header Files</Filter>
    </ClInclude>
    <ClInclude Include="C:\Users\InfiniteC0re\source\repos\ToshiLevelEditor\assimp\contrib\zlib\trees.h">
      <Filter>Header Files</Filter>
    </ClInclude>
    <ClInclude Include="C:\Users\InfiniteC0re\source\repos\ToshiLevelEditor\assimp\contrib\zlib\zutil.h">
      <Filter>Header Files</Filter>
    </ClInclude>
  </ItemGroup>
  <ItemGroup>
    <CustomBuild Include="C:\Users\InfiniteC0re\source\repos\ToshiLevelEditor\assimp\contrib\zlib\CMakeLists.txt" />
  </ItemGroup>
  <ItemGroup>
    <Filter Include="Header Files">
      <UniqueIdentifier>{E9999DCE-A928-3B5B-8856-72FAE9A73648}</UniqueIdentifier>
    </Filter>
    <Filter Include="Source Files">
      <UniqueIdentifier>{00C215BC-9A64-30A9-A694-0493124100D8}</UniqueIdentifier>
    </Filter>
  </ItemGroup>
</Project>
