<?xml version="1.0" encoding="utf-8"?>
<Project ToolsVersion="17.0" xmlns="http://schemas.microsoft.com/developer/msbuild/2003">
  <ItemGroup>
    <ClCompile Include="C:\Users\InfiniteC0re\source\repos\ToshiLevelEditor\assimp\tools\assimp_cmd\CompareDump.cpp">
      <Filter>Source Files</Filter>
    </ClCompile>
    <ClCompile Include="C:\Users\InfiniteC0re\source\repos\ToshiLevelEditor\assimp\tools\assimp_cmd\ImageExtractor.cpp">
      <Filter>Source Files</Filter>
    </ClCompile>
    <ClCompile Include="C:\Users\InfiniteC0re\source\repos\ToshiLevelEditor\assimp\tools\assimp_cmd\Main.cpp">
      <Filter>Source Files</Filter>
    </ClCompile>
    <ClCompile Include="C:\Users\InfiniteC0re\source\repos\ToshiLevelEditor\assimp\tools\assimp_cmd\WriteDump.cpp">
      <Filter>Source Files</Filter>
    </ClCompile>
    <ClCompile Include="C:\Users\InfiniteC0re\source\repos\ToshiLevelEditor\assimp\tools\assimp_cmd\Info.cpp">
      <Filter>Source Files</Filter>
    </ClCompile>
    <ClCompile Include="C:\Users\InfiniteC0re\source\repos\ToshiLevelEditor\assimp\tools\assimp_cmd\Export.cpp">
      <Filter>Source Files</Filter>
    </ClCompile>
  </ItemGroup>
  <ItemGroup>
    <ClInclude Include="C:\Users\InfiniteC0re\source\repos\ToshiLevelEditor\assimp\tools\assimp_cmd\Main.h">
      <Filter>Header Files</Filter>
    </ClInclude>
  </ItemGroup>
  <ItemGroup>
    <CustomBuild Include="C:\Users\InfiniteC0re\source\repos\ToshiLevelEditor\assimp\tools\assimp_cmd\CMakeLists.txt" />
  </ItemGroup>
  <ItemGroup>
    <ResourceCompile Include="C:\Users\InfiniteC0re\source\repos\ToshiLevelEditor\assimp\tools\assimp_cmd\assimp_cmd.rc">
      <Filter>Source Files</Filter>
    </ResourceCompile>
  </ItemGroup>
  <ItemGroup>
    <Filter Include="Header Files">
      <UniqueIdentifier>{E9999DCE-A928-3B5B-8856-72FAE9A73648}</UniqueIdentifier>
    </Filter>
    <Filter Include="Source Files">
      <UniqueIdentifier>{00C215BC-9A64-30A9-A694-0493124100D8}</UniqueIdentifier>
    </Filter>
  </ItemGroup>
</Project>
