<?xml version="1.0" encoding="utf-8"?>
<Project ToolsVersion="17.0" xmlns="http://schemas.microsoft.com/developer/msbuild/2003">
  <ItemGroup>
    <CustomBuild Include="C:\Users\InfiniteC0re\source\repos\ToshiLevelEditor\assimp\CMakeFiles\49ccb0280b54baed8cb77ce4768c11e9\uninstall.rule">
      <Filter>CMake Rules</Filter>
    </CustomBuild>
    <CustomBuild Include="C:\Users\InfiniteC0re\source\repos\ToshiLevelEditor\assimp\CMakeLists.txt" />
  </ItemGroup>
  <ItemGroup>
    <None Include="C:\Users\InfiniteC0re\source\repos\ToshiLevelEditor\assimp\CMakeFiles\uninstall" />
  </ItemGroup>
  <ItemGroup>
    <Filter Include="CMake Rules">
      <UniqueIdentifier>{4F91AA64-93F6-3622-8D4A-3252C3C6FE5B}</UniqueIdentifier>
    </Filter>
  </ItemGroup>
</Project>
